
Microsoft Visual Studio Solution File, Format Version 12.00
# Visual Studio Version 16
VisualStudioVersion = 16.6.30114.105
MinimumVisualStudioVersion = 10.0.40219.1
Project("{2150E333-8FDC-42A3-9474-1A3956D46DE8}") = "src", "src", "{6E5BDD76-9638-4898-ADDB-5CA7EBFBA8EF}"
EndProject
Project("{FAE04EC0-301F-11D3-BF4B-00C04F79EFBC}") = "Fdk.Common.Extensions", "src\Fdk.Common.Extensions\Fdk.Common.Extensions.csproj", "{17D02A4D-875E-423E-8E40-142EF939DB24}"
EndProject
Project("{FAE04EC0-301F-11D3-BF4B-00C04F79EFBC}") = "Fdk.CheckPointHelper.FunctionApp", "src\Fdk.CheckPointHelper.FunctionApp\Fdk.CheckPointHelper.FunctionApp.csproj", "{2BA217AD-B057-4CD9-A049-BD9BC8A452BE}"
EndProject
Project("{FAE04EC0-301F-11D3-BF4B-00C04F79EFBC}") = "Fdk.FaceRecogniser.FunctionApp", "src\Fdk.FaceRecogniser.FunctionApp\Fdk.FaceRecogniser.FunctionApp.csproj", "{8385B63D-2647-468B-B7F6-B64607E94436}"
EndProject
Project("{FAE04EC0-301F-11D3-BF4B-00C04F79EFBC}") = "Fdk.FlowHelper.FunctionApp", "src\Fdk.FlowHelper.FunctionApp\Fdk.FlowHelper.FunctionApp.csproj", "{6BAD4998-3E52-453C-947C-7FA3558BAF0D}"
EndProject
Global
	GlobalSection(SolutionConfigurationPlatforms) = preSolution
		Debug|Any CPU = Debug|Any CPU
		Debug|x64 = Debug|x64
		Debug|x86 = Debug|x86
		Release|Any CPU = Release|Any CPU
		Release|x64 = Release|x64
		Release|x86 = Release|x86
	EndGlobalSection
	GlobalSection(SolutionProperties) = preSolution
		HideSolutionNode = FALSE
	EndGlobalSection
	GlobalSection(ProjectConfigurationPlatforms) = postSolution
		{17D02A4D-875E-423E-8E40-142EF939DB24}.Debug|Any CPU.ActiveCfg = Debug|Any CPU
		{17D02A4D-875E-423E-8E40-142EF939DB24}.Debug|Any CPU.Build.0 = Debug|Any CPU
		{17D02A4D-875E-423E-8E40-142EF939DB24}.Debug|x64.ActiveCfg = Debug|Any CPU
		{17D02A4D-875E-423E-8E40-142EF939DB24}.Debug|x64.Build.0 = Debug|Any CPU
		{17D02A4D-875E-423E-8E40-142EF939DB24}.Debug|x86.ActiveCfg = Debug|Any CPU
		{17D02A4D-875E-423E-8E40-142EF939DB24}.Debug|x86.Build.0 = Debug|Any CPU
		{17D02A4D-875E-423E-8E40-142EF939DB24}.Release|Any CPU.ActiveCfg = Release|Any CPU
		{17D02A4D-875E-423E-8E40-142EF939DB24}.Release|Any CPU.Build.0 = Release|Any CPU
		{17D02A4D-875E-423E-8E40-142EF939DB24}.Release|x64.ActiveCfg = Release|Any CPU
		{17D02A4D-875E-423E-8E40-142EF939DB24}.Release|x64.Build.0 = Release|Any CPU
		{17D02A4D-875E-423E-8E40-142EF939DB24}.Release|x86.ActiveCfg = Release|Any CPU
		{17D02A4D-875E-423E-8E40-142EF939DB24}.Release|x86.Build.0 = Release|Any CPU
		{2BA217AD-B057-4CD9-A049-BD9BC8A452BE}.Debug|Any CPU.ActiveCfg = Debug|Any CPU
		{2BA217AD-B057-4CD9-A049-BD9BC8A452BE}.Debug|Any CPU.Build.0 = Debug|Any CPU
		{2BA217AD-B057-4CD9-A049-BD9BC8A452BE}.Debug|x64.ActiveCfg = Debug|Any CPU
		{2BA217AD-B057-4CD9-A049-BD9BC8A452BE}.Debug|x64.Build.0 = Debug|Any CPU
		{2BA217AD-B057-4CD9-A049-BD9BC8A452BE}.Debug|x86.ActiveCfg = Debug|Any CPU
		{2BA217AD-B057-4CD9-A049-BD9BC8A452BE}.Debug|x86.Build.0 = Debug|Any CPU
		{2BA217AD-B057-4CD9-A049-BD9BC8A452BE}.Release|Any CPU.ActiveCfg = Release|Any CPU
		{2BA217AD-B057-4CD9-A049-BD9BC8A452BE}.Release|Any CPU.Build.0 = Release|Any CPU
		{2BA217AD-B057-4CD9-A049-BD9BC8A452BE}.Release|x64.ActiveCfg = Release|Any CPU
		{2BA217AD-B057-4CD9-A049-BD9BC8A452BE}.Release|x64.Build.0 = Release|Any CPU
		{2BA217AD-B057-4CD9-A049-BD9BC8A452BE}.Release|x86.ActiveCfg = Release|Any CPU
		{2BA217AD-B057-4CD9-A049-BD9BC8A452BE}.Release|x86.Build.0 = Release|Any CPU
		{8385B63D-2647-468B-B7F6-B64607E94436}.Debug|Any CPU.ActiveCfg = Debug|Any CPU
		{8385B63D-2647-468B-B7F6-B64607E94436}.Debug|Any CPU.Build.0 = Debug|Any CPU
		{8385B63D-2647-468B-B7F6-B64607E94436}.Debug|x64.ActiveCfg = Debug|Any CPU
		{8385B63D-2647-468B-B7F6-B64607E94436}.Debug|x64.Build.0 = Debug|Any CPU
		{8385B63D-2647-468B-B7F6-B64607E94436}.Debug|x86.ActiveCfg = Debug|Any CPU
		{8385B63D-2647-468B-B7F6-B64607E94436}.Debug|x86.Build.0 = Debug|Any CPU
		{8385B63D-2647-468B-B7F6-B64607E94436}.Release|Any CPU.ActiveCfg = Release|Any CPU
		{8385B63D-2647-468B-B7F6-B64607E94436}.Release|Any CPU.Build.0 = Release|Any CPU
		{8385B63D-2647-468B-B7F6-B64607E94436}.Release|x64.ActiveCfg = Release|Any CPU
		{8385B63D-2647-468B-B7F6-B64607E94436}.Release|x64.Build.0 = Release|Any CPU
		{8385B63D-2647-468B-B7F6-B64607E94436}.Release|x86.ActiveCfg = Release|Any CPU
		{8385B63D-2647-468B-B7F6-B64607E94436}.Release|x86.Build.0 = Release|Any CPU
		{6BAD4998-3E52-453C-947C-7FA3558BAF0D}.Debug|Any CPU.ActiveCfg = Debug|Any CPU
		{6BAD4998-3E52-453C-947C-7FA3558BAF0D}.Debug|Any CPU.Build.0 = Debug|Any CPU
		{6BAD4998-3E52-453C-947C-7FA3558BAF0D}.Debug|x64.ActiveCfg = Debug|Any CPU
		{6BAD4998-3E52-453C-947C-7FA3558BAF0D}.Debug|x64.Build.0 = Debug|Any CPU
		{6BAD4998-3E52-453C-947C-7FA3558BAF0D}.Debug|x86.ActiveCfg = Debug|Any CPU
		{6BAD4998-3E52-453C-947C-7FA3558BAF0D}.Debug|x86.Build.0 = Debug|Any CPU
		{6BAD4998-3E52-453C-947C-7FA3558BAF0D}.Release|Any CPU.ActiveCfg = Release|Any CPU
		{6BAD4998-3E52-453C-947C-7FA3558BAF0D}.Release|Any CPU.Build.0 = Release|Any CPU
		{6BAD4998-3E52-453C-947C-7FA3558BAF0D}.Release|x64.ActiveCfg = Release|Any CPU
		{6BAD4998-3E52-453C-947C-7FA3558BAF0D}.Release|x64.Build.0 = Release|Any CPU
		{6BAD4998-3E52-453C-947C-7FA3558BAF0D}.Release|x86.ActiveCfg = Release|Any CPU
		{6BAD4998-3E52-453C-947C-7FA3558BAF0D}.Release|x86.Build.0 = Release|Any CPU
	EndGlobalSection
	GlobalSection(NestedProjects) = preSolution
		{17D02A4D-875E-423E-8E40-142EF939DB24} = {6E5BDD76-9638-4898-ADDB-5CA7EBFBA8EF}
		{2BA217AD-B057-4CD9-A049-BD9BC8A452BE} = {6E5BDD76-9638-4898-ADDB-5CA7EBFBA8EF}
		{8385B63D-2647-468B-B7F6-B64607E94436} = {6E5BDD76-9638-4898-ADDB-5CA7EBFBA8EF}
		{6BAD4998-3E52-453C-947C-7FA3558BAF0D} = {6E5BDD76-9638-4898-ADDB-5CA7EBFBA8EF}
	EndGlobalSection
EndGlobal
